
Microsoft Visual Studio Solution File, Format Version 12.00
# Visual Studio Version 17
VisualStudioVersion = 17.5.33516.290
MinimumVisualStudioVersion = 10.0.40219.1
Project("{FAE04EC0-301F-11D3-BF4B-00C04F79EFBC}") = "A Password Generator but in CSharp", "A Password Generator but in CSharp.csproj", "{9077BA20-B7C7-42A5-BC1A-75B43C68D4F7}"
EndProject
Global
	GlobalSection(SolutionConfigurationPlatforms) = preSolution
		Debug|Any CPU = Debug|Any CPU
		Release|Any CPU = Release|Any CPU
	EndGlobalSection
	GlobalSection(ProjectConfigurationPlatforms) = postSolution
		{9077BA20-B7C7-42A5-BC1A-75B43C68D4F7}.Debug|Any CPU.ActiveCfg = Debug|Any CPU
		{9077BA20-B7C7-42A5-BC1A-75B43C68D4F7}.Debug|Any CPU.Build.0 = Debug|Any CPU
		{9077BA20-B7C7-42A5-BC1A-75B43C68D4F7}.Release|Any CPU.ActiveCfg = Release|Any CPU
		{9077BA20-B7C7-42A5-BC1A-75B43C68D4F7}.Release|Any CPU.Build.0 = Release|Any CPU
	EndGlobalSection
	GlobalSection(SolutionProperties) = preSolution
		HideSolutionNode = FALSE
	EndGlobalSection
	GlobalSection(ExtensibilityGlobals) = postSolution
		SolutionGuid = {A4ADAF5A-ADBC-4BC4-A1C6-B005F8714D43}
	EndGlobalSection
EndGlobal
